<?xml version="1.0" encoding="utf-8"?>
<Project ToolsVersion="4.0" xmlns="http://schemas.microsoft.com/developer/msbuild/2003">
  <ItemGroup>
    <Filter Include="Packet">
      <UniqueIdentifier>{5b831e2d-8334-43f9-b5b1-52f509bb4277}</UniqueIdentifier>
    </Filter>
    <Filter Include="Session">
      <UniqueIdentifier>{e3734d27-cab9-4c65-8f18-af43707fca6c}</UniqueIdentifier>
    </Filter>
    <Filter Include="Managers">
      <UniqueIdentifier>{879be0e8-e45e-46e2-ba1e-846441776e66}</UniqueIdentifier>
    </Filter>
    <Filter Include="Object">
      <UniqueIdentifier>{f8056489-b864-45c7-8071-33fbb1834562}</UniqueIdentifier>
    </Filter>
    <Filter Include="GameServer">
      <UniqueIdentifier>{631f22cd-317f-4fb1-976c-7a85247c672b}</UniqueIdentifier>
    </Filter>
    <Filter Include="GameServer\Room">
      <UniqueIdentifier>{3f49e61c-0182-409e-abb3-19ca9c7f683d}</UniqueIdentifier>
    </Filter>
    <Filter Include="GameServer\Channel">
      <UniqueIdentifier>{b99210f8-1bc7-4d9c-9329-4b3340a6d28b}</UniqueIdentifier>
    </Filter>
    <Filter Include="GameServer\Server">
      <UniqueIdentifier>{46eaf1c9-4d53-4247-955b-566bb47cacb2}</UniqueIdentifier>
    </Filter>
    <Filter Include="Packet\PrevInGame">
      <UniqueIdentifier>{88c597c6-4d6e-4309-ab15-62f74d8a9872}</UniqueIdentifier>
    </Filter>
    <Filter Include="Packet\Contents">
      <UniqueIdentifier>{15878ba1-2e62-4feb-b5ce-1fdf556dcb09}</UniqueIdentifier>
    </Filter>
  </ItemGroup>
  <ItemGroup>
    <ClCompile Include="main.cpp" />
    <ClCompile Include="pch.cpp" />
    <ClCompile Include="PacketManager.cpp">
      <Filter>Packet</Filter>
    </ClCompile>
    <ClCompile Include="ClientSession.cpp">
      <Filter>Session</Filter>
    </ClCompile>
    <ClCompile Include="DbSession.cpp">
      <Filter>Session</Filter>
    </ClCompile>
    <ClCompile Include="Manager.cpp">
      <Filter>Managers</Filter>
    </ClCompile>
    <ClCompile Include="SessionManager.cpp">
      <Filter>Session</Filter>
    </ClCompile>
    <ClCompile Include="Player.cpp">
      <Filter>Object</Filter>
    </ClCompile>
    <ClCompile Include="GameObject.cpp">
      <Filter>Object</Filter>
    </ClCompile>
    <ClCompile Include="Creature.cpp">
      <Filter>Object</Filter>
    </ClCompile>
    <ClCompile Include="GameRoom.cpp">
      <Filter>GameServer\Room</Filter>
    </ClCompile>
    <ClCompile Include="Channel.cpp">
      <Filter>GameServer\Channel</Filter>
    </ClCompile>
    <ClCompile Include="Server.cpp">
      <Filter>GameServer\Server</Filter>
    </ClCompile>
    <ClCompile Include="ServerManager.cpp">
      <Filter>GameServer</Filter>
    </ClCompile>
    <ClCompile Include="Login.cpp">
      <Filter>Packet\PrevInGame</Filter>
    </ClCompile>
    <ClCompile Include="WorldSelect.cpp">
      <Filter>Packet\PrevInGame</Filter>
    </ClCompile>
    <ClCompile Include="CharacterSelect.cpp">
      <Filter>Packet\PrevInGame</Filter>
    </ClCompile>
    <ClCompile Include="CreateCharacter.cpp">
      <Filter>Packet\PrevInGame</Filter>
    </ClCompile>
    <ClCompile Include="Spawn.cpp">
      <Filter>Packet\Contents</Filter>
    </ClCompile>
    <ClCompile Include="Move.cpp">
      <Filter>Packet\Contents</Filter>
    </ClCompile>
  </ItemGroup>
  <ItemGroup>
    <ClInclude Include="pch.h" />
    <ClInclude Include="ClientSession.h">
      <Filter>Session</Filter>
    </ClInclude>
    <ClInclude Include="PacketHandler.h">
      <Filter>Packet</Filter>
    </ClInclude>
    <ClInclude Include="PacketManager.h">
      <Filter>Packet</Filter>
    </ClInclude>
    <ClInclude Include="DbSession.h">
      <Filter>Session</Filter>
    </ClInclude>
    <ClInclude Include="Manager.h">
      <Filter>Managers</Filter>
    </ClInclude>
    <ClInclude Include="SessionManager.h">
      <Filter>Session</Filter>
    </ClInclude>
    <ClInclude Include="Player.h">
      <Filter>Object</Filter>
    </ClInclude>
    <ClInclude Include="GameObject.h">
      <Filter>Object</Filter>
    </ClInclude>
    <ClInclude Include="Creature.h">
      <Filter>Object</Filter>
    </ClInclude>
    <ClInclude Include="GameRoom.h">
      <Filter>GameServer\Room</Filter>
    </ClInclude>
    <ClInclude Include="Channel.h">
      <Filter>GameServer\Channel</Filter>
    </ClInclude>
    <ClInclude Include="Server.h">
      <Filter>GameServer\Server</Filter>
    </ClInclude>
    <ClInclude Include="ServerManager.h">
      <Filter>GameServer</Filter>
    </ClInclude>
    <ClInclude Include="Job.h" />
  </ItemGroup>
</Project>